
Microsoft Visual Studio Solution File, Format Version 12.00
# Visual Studio Version 16
VisualStudioVersion = 16.0.30523.141
MinimumVisualStudioVersion = 10.0.40219.1
Project("{9A19103F-16F7-4668-BE54-9A1E7A4F7556}") = "DemoDynamicContent", "DemoDynamicContent\DemoDynamicContent.csproj", "{DAD3B0D7-2C2C-47AC-8B1D-30432B2C993A}"
EndProject
Project("{2150E333-8FDC-42A3-9474-1A3956D46DE8}") = "Solution Items", "Solution Items", "{AC3568DA-403E-49AF-A930-381F7B39196D}"
	ProjectSection(SolutionItems) = preProject
		..\Readme.txt = ..\Readme.txt
	EndProjectSection
EndProject
Global
	GlobalSection(SolutionConfigurationPlatforms) = preSolution
		Debug|Any CPU = Debug|Any CPU
		Release|Any CPU = Release|Any CPU
	EndGlobalSection
	GlobalSection(ProjectConfigurationPlatforms) = postSolution
		{DAD3B0D7-2C2C-47AC-8B1D-30432B2C993A}.Debug|Any CPU.ActiveCfg = Debug|Any CPU
		{DAD3B0D7-2C2C-47AC-8B1D-30432B2C993A}.Debug|Any CPU.Build.0 = Debug|Any CPU
		{DAD3B0D7-2C2C-47AC-8B1D-30432B2C993A}.Release|Any CPU.ActiveCfg = Release|Any CPU
		{DAD3B0D7-2C2C-47AC-8B1D-30432B2C993A}.Release|Any CPU.Build.0 = Release|Any CPU
	EndGlobalSection
	GlobalSection(SolutionProperties) = preSolution
		HideSolutionNode = FALSE
	EndGlobalSection
	GlobalSection(ExtensibilityGlobals) = postSolution
		SolutionGuid = {8A89E7B8-43DA-4A7D-B79D-B6563441ED97}
	EndGlobalSection
EndGlobal
