
Microsoft Visual Studio Solution File, Format Version 12.00
# Visual Studio Version 16
VisualStudioVersion = 16.0.30523.141
MinimumVisualStudioVersion = 10.0.40219.1
Project("{FAE04EC0-301F-11D3-BF4B-00C04F79EFBC}") = "DemoCatleProxy.RestartableFlow", "DemoCatleProxy.RestartableFlow\DemoCatleProxy.RestartableFlow.csproj", "{B767A3BD-A21D-4E72-BCD3-E0CA99225176}"
EndProject
Project("{FAE04EC0-301F-11D3-BF4B-00C04F79EFBC}") = "DemoCatleProxy.RestartableFlow.Tests", "DemoCatleProxy.RestartableFlow.Tests\DemoCatleProxy.RestartableFlow.Tests.csproj", "{9508FAB9-8C14-4445-A300-92FD41259D2B}"
EndProject
Global
	GlobalSection(SolutionConfigurationPlatforms) = preSolution
		Debug|Any CPU = Debug|Any CPU
		Release|Any CPU = Release|Any CPU
	EndGlobalSection
	GlobalSection(ProjectConfigurationPlatforms) = postSolution
		{B767A3BD-A21D-4E72-BCD3-E0CA99225176}.Debug|Any CPU.ActiveCfg = Debug|Any CPU
		{B767A3BD-A21D-4E72-BCD3-E0CA99225176}.Debug|Any CPU.Build.0 = Debug|Any CPU
		{B767A3BD-A21D-4E72-BCD3-E0CA99225176}.Release|Any CPU.ActiveCfg = Release|Any CPU
		{B767A3BD-A21D-4E72-BCD3-E0CA99225176}.Release|Any CPU.Build.0 = Release|Any CPU
		{9508FAB9-8C14-4445-A300-92FD41259D2B}.Debug|Any CPU.ActiveCfg = Debug|Any CPU
		{9508FAB9-8C14-4445-A300-92FD41259D2B}.Debug|Any CPU.Build.0 = Debug|Any CPU
		{9508FAB9-8C14-4445-A300-92FD41259D2B}.Release|Any CPU.ActiveCfg = Release|Any CPU
		{9508FAB9-8C14-4445-A300-92FD41259D2B}.Release|Any CPU.Build.0 = Release|Any CPU
	EndGlobalSection
	GlobalSection(SolutionProperties) = preSolution
		HideSolutionNode = FALSE
	EndGlobalSection
	GlobalSection(ExtensibilityGlobals) = postSolution
		SolutionGuid = {A7433F91-5296-4AEE-8DCE-2D19B98DEA2D}
	EndGlobalSection
EndGlobal
