
Microsoft Visual Studio Solution File, Format Version 12.00
# Visual Studio Version 17
VisualStudioVersion = 17.4.33205.214
MinimumVisualStudioVersion = 10.0.40219.1
Project("{9A19103F-16F7-4668-BE54-9A1E7A4F7556}") = "DiagramBlazorApp4", "DiagramBlazorApp4\DiagramBlazorApp4.csproj", "{AD7A65EB-8393-4A99-872A-E9BA176DAD2B}"
EndProject
Project("{9A19103F-16F7-4668-BE54-9A1E7A4F7556}") = "AutomaticGraphLayout", "MSAGL\AutomaticGraphLayout.csproj", "{6291A3F4-38D7-41B8-BEAA-94B6B7D8B77B}"
EndProject
Project("{9A19103F-16F7-4668-BE54-9A1E7A4F7556}") = "AutomaticGraphLayout.Drawing", "Drawing\AutomaticGraphLayout.Drawing.csproj", "{DED45DD6-7436-4846-BDAF-DDEFD9B6A57C}"
EndProject
Global
	GlobalSection(SolutionConfigurationPlatforms) = preSolution
		Debug|Any CPU = Debug|Any CPU
		Release|Any CPU = Release|Any CPU
	EndGlobalSection
	GlobalSection(ProjectConfigurationPlatforms) = postSolution
		{AD7A65EB-8393-4A99-872A-E9BA176DAD2B}.Debug|Any CPU.ActiveCfg = Debug|Any CPU
		{AD7A65EB-8393-4A99-872A-E9BA176DAD2B}.Debug|Any CPU.Build.0 = Debug|Any CPU
		{AD7A65EB-8393-4A99-872A-E9BA176DAD2B}.Release|Any CPU.ActiveCfg = Release|Any CPU
		{AD7A65EB-8393-4A99-872A-E9BA176DAD2B}.Release|Any CPU.Build.0 = Release|Any CPU
		{6291A3F4-38D7-41B8-BEAA-94B6B7D8B77B}.Debug|Any CPU.ActiveCfg = Debug|Any CPU
		{6291A3F4-38D7-41B8-BEAA-94B6B7D8B77B}.Debug|Any CPU.Build.0 = Debug|Any CPU
		{6291A3F4-38D7-41B8-BEAA-94B6B7D8B77B}.Release|Any CPU.ActiveCfg = Release|Any CPU
		{6291A3F4-38D7-41B8-BEAA-94B6B7D8B77B}.Release|Any CPU.Build.0 = Release|Any CPU
		{DED45DD6-7436-4846-BDAF-DDEFD9B6A57C}.Debug|Any CPU.ActiveCfg = Debug|Any CPU
		{DED45DD6-7436-4846-BDAF-DDEFD9B6A57C}.Debug|Any CPU.Build.0 = Debug|Any CPU
		{DED45DD6-7436-4846-BDAF-DDEFD9B6A57C}.Release|Any CPU.ActiveCfg = Release|Any CPU
		{DED45DD6-7436-4846-BDAF-DDEFD9B6A57C}.Release|Any CPU.Build.0 = Release|Any CPU
	EndGlobalSection
	GlobalSection(SolutionProperties) = preSolution
		HideSolutionNode = FALSE
	EndGlobalSection
	GlobalSection(ExtensibilityGlobals) = postSolution
		SolutionGuid = {CFFD6547-994D-4786-A0B4-5F2266C294EA}
	EndGlobalSection
EndGlobal
