
Microsoft Visual Studio Solution File, Format Version 12.00
# Visual Studio Version 17
VisualStudioVersion = 17.10.35027.167
MinimumVisualStudioVersion = 10.0.40219.1
Project("{2150E333-8FDC-42A3-9474-1A3956D46DE8}") = "Solution Items", "Solution Items", "{BBF2352C-C987-4772-88C8-15D7895884E2}"
	ProjectSection(SolutionItems) = preProject
		readme.md = readme.md
	EndProjectSection
EndProject
Project("{9A19103F-16F7-4668-BE54-9A1E7A4F7556}") = "DataImport.Domain", "Domain\DataImport.Domain.csproj", "{0DD7E791-08E6-4F7C-AC45-E1E077405BFF}"
EndProject
Project("{9A19103F-16F7-4668-BE54-9A1E7A4F7556}") = "DataImport.Tests", "Tests\DataImport.Tests.csproj", "{663E8B7B-91C3-4B24-B5F1-8AA8B009319F}"
EndProject
Project("{9A19103F-16F7-4668-BE54-9A1E7A4F7556}") = "DataImport.Infrastructure", "Infrastructure\DataImport.Infrastructure.csproj", "{5FEA6D3B-299E-457E-B278-10D36A320CAA}"
EndProject
Project("{9A19103F-16F7-4668-BE54-9A1E7A4F7556}") = "DataImport.Application", "Application\DataImport.Application.csproj", "{7895590A-53AD-4EBC-A604-766D79BD3CDB}"
EndProject
Project("{9A19103F-16F7-4668-BE54-9A1E7A4F7556}") = "DataImport.Console", "Console\DataImport.Console.csproj", "{6A04B9AB-2610-422F-BB1F-AAB5F60668BA}"
EndProject
Global
	GlobalSection(SolutionConfigurationPlatforms) = preSolution
		Debug|Any CPU = Debug|Any CPU
		Release|Any CPU = Release|Any CPU
	EndGlobalSection
	GlobalSection(ProjectConfigurationPlatforms) = postSolution
		{0DD7E791-08E6-4F7C-AC45-E1E077405BFF}.Debug|Any CPU.ActiveCfg = Debug|Any CPU
		{0DD7E791-08E6-4F7C-AC45-E1E077405BFF}.Debug|Any CPU.Build.0 = Debug|Any CPU
		{0DD7E791-08E6-4F7C-AC45-E1E077405BFF}.Release|Any CPU.ActiveCfg = Release|Any CPU
		{0DD7E791-08E6-4F7C-AC45-E1E077405BFF}.Release|Any CPU.Build.0 = Release|Any CPU
		{663E8B7B-91C3-4B24-B5F1-8AA8B009319F}.Debug|Any CPU.ActiveCfg = Debug|Any CPU
		{663E8B7B-91C3-4B24-B5F1-8AA8B009319F}.Debug|Any CPU.Build.0 = Debug|Any CPU
		{663E8B7B-91C3-4B24-B5F1-8AA8B009319F}.Release|Any CPU.ActiveCfg = Release|Any CPU
		{663E8B7B-91C3-4B24-B5F1-8AA8B009319F}.Release|Any CPU.Build.0 = Release|Any CPU
		{5FEA6D3B-299E-457E-B278-10D36A320CAA}.Debug|Any CPU.ActiveCfg = Debug|Any CPU
		{5FEA6D3B-299E-457E-B278-10D36A320CAA}.Debug|Any CPU.Build.0 = Debug|Any CPU
		{5FEA6D3B-299E-457E-B278-10D36A320CAA}.Release|Any CPU.ActiveCfg = Release|Any CPU
		{5FEA6D3B-299E-457E-B278-10D36A320CAA}.Release|Any CPU.Build.0 = Release|Any CPU
		{7895590A-53AD-4EBC-A604-766D79BD3CDB}.Debug|Any CPU.ActiveCfg = Debug|Any CPU
		{7895590A-53AD-4EBC-A604-766D79BD3CDB}.Debug|Any CPU.Build.0 = Debug|Any CPU
		{7895590A-53AD-4EBC-A604-766D79BD3CDB}.Release|Any CPU.ActiveCfg = Release|Any CPU
		{7895590A-53AD-4EBC-A604-766D79BD3CDB}.Release|Any CPU.Build.0 = Release|Any CPU
		{6A04B9AB-2610-422F-BB1F-AAB5F60668BA}.Debug|Any CPU.ActiveCfg = Debug|Any CPU
		{6A04B9AB-2610-422F-BB1F-AAB5F60668BA}.Debug|Any CPU.Build.0 = Debug|Any CPU
		{6A04B9AB-2610-422F-BB1F-AAB5F60668BA}.Release|Any CPU.ActiveCfg = Release|Any CPU
		{6A04B9AB-2610-422F-BB1F-AAB5F60668BA}.Release|Any CPU.Build.0 = Release|Any CPU
	EndGlobalSection
	GlobalSection(SolutionProperties) = preSolution
		HideSolutionNode = FALSE
	EndGlobalSection
	GlobalSection(ExtensibilityGlobals) = postSolution
		SolutionGuid = {29BD1183-DD8D-4A58-B199-FFA6DDDF644B}
	EndGlobalSection
EndGlobal
