
Microsoft Visual Studio Solution File, Format Version 12.00
# Visual Studio Version 16
VisualStudioVersion = 16.0.30717.126
MinimumVisualStudioVersion = 10.0.40219.1
Project("{9A19103F-16F7-4668-BE54-9A1E7A4F7556}") = "BlazorAppDragAndDrop", "BlazorAppDnD\BlazorAppDragAndDrop.csproj", "{8F7B18CE-4247-44EC-A840-300A77919AEA}"
EndProject
Global
	GlobalSection(SolutionConfigurationPlatforms) = preSolution
		Debug|Any CPU = Debug|Any CPU
		Release|Any CPU = Release|Any CPU
	EndGlobalSection
	GlobalSection(ProjectConfigurationPlatforms) = postSolution
		{8F7B18CE-4247-44EC-A840-300A77919AEA}.Debug|Any CPU.ActiveCfg = Debug|Any CPU
		{8F7B18CE-4247-44EC-A840-300A77919AEA}.Debug|Any CPU.Build.0 = Debug|Any CPU
		{8F7B18CE-4247-44EC-A840-300A77919AEA}.Release|Any CPU.ActiveCfg = Release|Any CPU
		{8F7B18CE-4247-44EC-A840-300A77919AEA}.Release|Any CPU.Build.0 = Release|Any CPU
	EndGlobalSection
	GlobalSection(SolutionProperties) = preSolution
		HideSolutionNode = FALSE
	EndGlobalSection
	GlobalSection(ExtensibilityGlobals) = postSolution
		SolutionGuid = {C2A48DB1-98C2-4331-B523-46810CAF959D}
	EndGlobalSection
EndGlobal
